{
  "object": {
    "pins": [
      {
        "package": "libsignal",
        "repositoryURL": "https://github.com/tigase/libsignal",
        "state": {
          "branch": null,
          "revision": "d23d5af0d729cf66b93cea607f3f84a34b9fddfd",
          "version": "1.0.0"
        }
      },
      {
        "package": "TigaseSwift",
        "repositoryURL": "https://github.com/tigase/tigase-swift",
        "state": {
          "branch": null,
          "revision": "5990b679783aa2d5ca51fe5d5456c0ceb77d482e",
          "version": "2.1.1"
        }
      },
      {
        "package": "TigaseSwiftOMEMO",
        "repositoryURL": "https://github.com/tigase/tigase-swift-omemo/",
        "state": {
          "branch": "stable",
          "revision": "e50ca4ba2967bee0ebbc979f4228d0ebde557fd3",
          "version": null
        }
      }
    ]
  },
  "version": 1
}
